
Microsoft Visual Studio Solution File, Format Version 12.00
# Visual Studio Version 17
VisualStudioVersion = 17.0.31903.59
MinimumVisualStudioVersion = 10.0.40219.1
Project("{2150E333-8FDC-42A3-9474-1A3956D46DE8}") = "src", "src", "{827E0CD3-B72D-47B6-A68D-7590B98EB39B}"
EndProject
Project("{2150E333-8FDC-42A3-9474-1A3956D46DE8}") = "Core", "Core", "{8D626EA8-CB54-BC41-363A-217881BEBA6E}"
EndProject
Project("{FAE04EC0-301F-11D3-BF4B-00C04F79EFBC}") = "MADTOM.PluginContracts", "src\Core\MADTOM.PluginContracts\MADTOM.PluginContracts.csproj", "{7CA94652-FA23-4CF6-9216-8B3731C50CD4}"
EndProject
Project("{2150E333-8FDC-42A3-9474-1A3956D46DE8}") = "Host", "Host", "{981C2CF6-E5BB-602A-511C-234B538302B0}"
EndProject
Project("{FAE04EC0-301F-11D3-BF4B-00C04F79EFBC}") = "MADTOM.Console", "src\Host\MADTOM.Console\MADTOM.Console.csproj", "{78A1354D-E6DA-4DC0-84A0-C41D0AE9726D}"
EndProject
Project("{2150E333-8FDC-42A3-9474-1A3956D46DE8}") = "Plugins", "Plugins", "{58D3A2C3-F96F-5E57-2C6B-ECE59D6A18FC}"
EndProject
Project("{2150E333-8FDC-42A3-9474-1A3956D46DE8}") = "Telemetry", "Telemetry", "{CBEBA073-B27A-6203-00FD-F346E4AB84F4}"
EndProject
Project("{FAE04EC0-301F-11D3-BF4B-00C04F79EFBC}") = "MADTOM.Plugins.Telemetry", "src\Plugins\Telemetry\MADTOM.Plugins.Telemetry\MADTOM.Plugins.Telemetry.csproj", "{7590F98E-B917-46B3-A019-3849E0152166}"
EndProject
Project("{FAE04EC0-301F-11D3-BF4B-00C04F79EFBC}") = "MADTOM.Plugins.Telemetry.App", "src\Plugins\Telemetry\MADTOM.Plugins.Telemetry.App\MADTOM.Plugins.Telemetry.App.csproj", "{5EC8C763-6C0A-4454-80E8-B418CACD4724}"
EndProject
Project("{2150E333-8FDC-42A3-9474-1A3956D46DE8}") = "Squeeze", "Squeeze", "{6A35D436-8D8C-BF6F-BB10-AFE1EC4A7E6B}"
EndProject
Project("{FAE04EC0-301F-11D3-BF4B-00C04F79EFBC}") = "MADTOM.Plugins.Squeeze", "src\Plugins\Squeeze\MADTOM.Plugins.Squeeze\MADTOM.Plugins.Squeeze.csproj", "{8E6431DF-E3BF-42D4-A4B7-31AFBC728A46}"
EndProject
Project("{FAE04EC0-301F-11D3-BF4B-00C04F79EFBC}") = "MADTOM.Plugins.Squeeze.App", "src\Plugins\Squeeze\MADTOM.Plugins.Squeeze.App\MADTOM.Plugins.Squeeze.App.csproj", "{02A1D3DD-E72F-4F52-97ED-CD943AFB176C}"
EndProject
Project("{2150E333-8FDC-42A3-9474-1A3956D46DE8}") = "AndroidToolkit", "AndroidToolkit", "{3758A172-140B-3FB9-1702-5EAF7E9CDBFB}"
EndProject
Project("{FAE04EC0-301F-11D3-BF4B-00C04F79EFBC}") = "MADTOM.Plugins.AndroidToolkit", "src\Plugins\AndroidToolkit\MADTOM.Plugins.AndroidToolkit\MADTOM.Plugins.AndroidToolkit.csproj", "{29A194D7-64A9-490D-BC79-7375B1E7596B}"
EndProject
Project("{FAE04EC0-301F-11D3-BF4B-00C04F79EFBC}") = "MADTOM.Plugins.AndroidToolkit.App", "src\Plugins\AndroidToolkit\MADTOM.Plugins.AndroidToolkit.App\MADTOM.Plugins.AndroidToolkit.App.csproj", "{BCFF3ECC-E2A6-450E-9711-5788A1FF39DB}"
EndProject
Project("{2150E333-8FDC-42A3-9474-1A3956D46DE8}") = "MediaCenter", "MediaCenter", "{F6830CE0-6899-3CEE-8FDE-0A4CB61286B0}"
EndProject
Project("{FAE04EC0-301F-11D3-BF4B-00C04F79EFBC}") = "MADTOM.Plugins.MediaCenter", "src\Plugins\MediaCenter\MADTOM.Plugins.MediaCenter\MADTOM.Plugins.MediaCenter.csproj", "{9992A338-52EA-4C01-94EB-E7D1C134DF52}"
EndProject
Project("{FAE04EC0-301F-11D3-BF4B-00C04F79EFBC}") = "MADTOM.Plugins.MediaCenter.App", "src\Plugins\MediaCenter\MADTOM.Plugins.MediaCenter.App\MADTOM.Plugins.MediaCenter.App.csproj", "{2ACE174B-A97A-40E0-9FB5-72BEDB65D5CD}"
EndProject
Project("{2150E333-8FDC-42A3-9474-1A3956D46DE8}") = "NoxAI", "NoxAI", "{D3A2966A-CA8F-9AD0-B97C-EBA8DEC9A624}"
EndProject
Project("{FAE04EC0-301F-11D3-BF4B-00C04F79EFBC}") = "MADTOM.Plugins.NoxAI", "src\Plugins\NoxAI\MADTOM.Plugins.NoxAI\MADTOM.Plugins.NoxAI.csproj", "{72EBB4E2-15DC-4B36-8B9E-C9D5EFDE2E58}"
EndProject
Project("{FAE04EC0-301F-11D3-BF4B-00C04F79EFBC}") = "MADTOM.Plugins.NoxAI.App", "src\Plugins\NoxAI\MADTOM.Plugins.NoxAI.App\MADTOM.Plugins.NoxAI.App.csproj", "{128D1308-7F44-44C2-9960-D355A84A5F3D}"
EndProject
Project("{2150E333-8FDC-42A3-9474-1A3956D46DE8}") = "AudioSync", "AudioSync", "{04564706-F138-1D33-6C75-BCA2A4C6B7BB}"
EndProject
Project("{FAE04EC0-301F-11D3-BF4B-00C04F79EFBC}") = "MADTOM.Plugins.AudioSync", "src\Plugins\AudioSync\MADTOM.Plugins.AudioSync\MADTOM.Plugins.AudioSync.csproj", "{840D6F3F-2A0C-4370-9BC6-5892F37677AD}"
EndProject
Project("{FAE04EC0-301F-11D3-BF4B-00C04F79EFBC}") = "MADTOM.Plugins.AudioSync.App", "src\Plugins\AudioSync\MADTOM.Plugins.AudioSync.App\MADTOM.Plugins.AudioSync.App.csproj", "{860597E3-706D-4C9A-AB7C-61474CB018A0}"
EndProject
Project("{2150E333-8FDC-42A3-9474-1A3956D46DE8}") = "MadTOM.Tests", "MadTOM.Tests", "{683DF755-B8EA-2072-BBFD-AE21F93F60D8}"
EndProject
Project("{2150E333-8FDC-42A3-9474-1A3956D46DE8}") = "Console", "Console", "{F88449A5-D382-9E94-E31C-3DC8D9A2B4BC}"
EndProject
Project("{FAE04EC0-301F-11D3-BF4B-00C04F79EFBC}") = "MadTOM.Console.Tests", "MadTOM.Tests\Console\MadTOM.Console.Tests.csproj", "{09914E69-B7D8-4213-9563-9A6589F86C87}"
EndProject
Project("{2150E333-8FDC-42A3-9474-1A3956D46DE8}") = "Plugins", "Plugins", "{CE930C9C-EE18-CAF8-104F-824E8DCAEF4E}"
EndProject
Project("{2150E333-8FDC-42A3-9474-1A3956D46DE8}") = "Telemetry", "Telemetry", "{781DDE26-2A0D-998E-A07C-BDEE1FBCC658}"
EndProject
Project("{FAE04EC0-301F-11D3-BF4B-00C04F79EFBC}") = "MADTOM.Plugins.Telemetry.Tests", "MadTOM.Tests\Plugins\Telemetry\MADTOM.Plugins.Telemetry.Tests.csproj", "{CD803C74-8BE0-41E5-99D5-ADD81EFC3863}"
EndProject
Project("{2150E333-8FDC-42A3-9474-1A3956D46DE8}") = "Squeeze", "Squeeze", "{BCAAA55E-E96B-22D8-6289-0AE884FC5F76}"
EndProject
Project("{FAE04EC0-301F-11D3-BF4B-00C04F79EFBC}") = "MADTOM.Plugins.Squeeze.Tests", "MadTOM.Tests\Plugins\Squeeze\MADTOM.Plugins.Squeeze.Tests.csproj", "{AA83DBF8-4195-4AB5-92E3-0BA6C9004B24}"
EndProject
Project("{2150E333-8FDC-42A3-9474-1A3956D46DE8}") = "AndroidToolkit", "AndroidToolkit", "{FB6ACC50-BD1B-5266-1EED-1CF639F3F7B8}"
EndProject
Project("{FAE04EC0-301F-11D3-BF4B-00C04F79EFBC}") = "MADTOM.Plugins.AndroidToolkit.Tests", "MadTOM.Tests\Plugins\AndroidToolkit\MADTOM.Plugins.AndroidToolkit.Tests.csproj", "{DFD8F069-707D-4D75-BE48-964E3819D1AD}"
EndProject
Project("{2150E333-8FDC-42A3-9474-1A3956D46DE8}") = "MediaCenter", "MediaCenter", "{FAA918BB-22F3-76F6-686E-8F52AB2B24FF}"
EndProject
Project("{FAE04EC0-301F-11D3-BF4B-00C04F79EFBC}") = "MADTOM.Plugins.MediaCenter.Tests", "MadTOM.Tests\Plugins\MediaCenter\MADTOM.Plugins.MediaCenter.Tests.csproj", "{5BC1BB79-0CB3-47EC-8BD0-0C6B30864F38}"
EndProject
Project("{2150E333-8FDC-42A3-9474-1A3956D46DE8}") = "NoxAI", "NoxAI", "{A2F7AAFD-CF4F-608D-288E-D262E84F8D64}"
EndProject
Project("{FAE04EC0-301F-11D3-BF4B-00C04F79EFBC}") = "MADTOM.Plugins.NoxAI.Tests", "MadTOM.Tests\Plugins\NoxAI\MADTOM.Plugins.NoxAI.Tests.csproj", "{150AB269-7FB1-490B-B0F8-2415F52169FF}"
EndProject
Project("{2150E333-8FDC-42A3-9474-1A3956D46DE8}") = "AudioSync", "AudioSync", "{FB076919-C315-715C-72A7-001855980F3B}"
EndProject
Project("{FAE04EC0-301F-11D3-BF4B-00C04F79EFBC}") = "MADTOM.Plugins.AudioSync.Tests", "MadTOM.Tests\Plugins\AudioSync\MADTOM.Plugins.AudioSync.Tests.csproj", "{CCE04D53-F0A2-4A38-83FB-10E902D6CD68}"
EndProject
Global
	GlobalSection(SolutionConfigurationPlatforms) = preSolution
		Debug|Any CPU = Debug|Any CPU
		Debug|x64 = Debug|x64
		Debug|x86 = Debug|x86
		Release|Any CPU = Release|Any CPU
		Release|x64 = Release|x64
		Release|x86 = Release|x86
	EndGlobalSection
	GlobalSection(ProjectConfigurationPlatforms) = postSolution
		{7CA94652-FA23-4CF6-9216-8B3731C50CD4}.Debug|Any CPU.ActiveCfg = Debug|Any CPU
		{7CA94652-FA23-4CF6-9216-8B3731C50CD4}.Debug|Any CPU.Build.0 = Debug|Any CPU
		{7CA94652-FA23-4CF6-9216-8B3731C50CD4}.Debug|x64.ActiveCfg = Debug|Any CPU
		{7CA94652-FA23-4CF6-9216-8B3731C50CD4}.Debug|x64.Build.0 = Debug|Any CPU
		{7CA94652-FA23-4CF6-9216-8B3731C50CD4}.Debug|x86.ActiveCfg = Debug|Any CPU
		{7CA94652-FA23-4CF6-9216-8B3731C50CD4}.Debug|x86.Build.0 = Debug|Any CPU
		{7CA94652-FA23-4CF6-9216-8B3731C50CD4}.Release|Any CPU.ActiveCfg = Release|Any CPU
		{7CA94652-FA23-4CF6-9216-8B3731C50CD4}.Release|Any CPU.Build.0 = Release|Any CPU
		{7CA94652-FA23-4CF6-9216-8B3731C50CD4}.Release|x64.ActiveCfg = Release|Any CPU
		{7CA94652-FA23-4CF6-9216-8B3731C50CD4}.Release|x64.Build.0 = Release|Any CPU
		{7CA94652-FA23-4CF6-9216-8B3731C50CD4}.Release|x86.ActiveCfg = Release|Any CPU
		{7CA94652-FA23-4CF6-9216-8B3731C50CD4}.Release|x86.Build.0 = Release|Any CPU
		{78A1354D-E6DA-4DC0-84A0-C41D0AE9726D}.Debug|Any CPU.ActiveCfg = Debug|Any CPU
		{78A1354D-E6DA-4DC0-84A0-C41D0AE9726D}.Debug|Any CPU.Build.0 = Debug|Any CPU
		{78A1354D-E6DA-4DC0-84A0-C41D0AE9726D}.Debug|x64.ActiveCfg = Debug|Any CPU
		{78A1354D-E6DA-4DC0-84A0-C41D0AE9726D}.Debug|x64.Build.0 = Debug|Any CPU
		{78A1354D-E6DA-4DC0-84A0-C41D0AE9726D}.Debug|x86.ActiveCfg = Debug|Any CPU
		{78A1354D-E6DA-4DC0-84A0-C41D0AE9726D}.Debug|x86.Build.0 = Debug|Any CPU
		{78A1354D-E6DA-4DC0-84A0-C41D0AE9726D}.Release|Any CPU.ActiveCfg = Release|Any CPU
		{78A1354D-E6DA-4DC0-84A0-C41D0AE9726D}.Release|Any CPU.Build.0 = Release|Any CPU
		{78A1354D-E6DA-4DC0-84A0-C41D0AE9726D}.Release|x64.ActiveCfg = Release|Any CPU
		{78A1354D-E6DA-4DC0-84A0-C41D0AE9726D}.Release|x64.Build.0 = Release|Any CPU
		{78A1354D-E6DA-4DC0-84A0-C41D0AE9726D}.Release|x86.ActiveCfg = Release|Any CPU
		{78A1354D-E6DA-4DC0-84A0-C41D0AE9726D}.Release|x86.Build.0 = Release|Any CPU
		{7590F98E-B917-46B3-A019-3849E0152166}.Debug|Any CPU.ActiveCfg = Debug|Any CPU
		{7590F98E-B917-46B3-A019-3849E0152166}.Debug|Any CPU.Build.0 = Debug|Any CPU
		{7590F98E-B917-46B3-A019-3849E0152166}.Debug|x64.ActiveCfg = Debug|Any CPU
		{7590F98E-B917-46B3-A019-3849E0152166}.Debug|x64.Build.0 = Debug|Any CPU
		{7590F98E-B917-46B3-A019-3849E0152166}.Debug|x86.ActiveCfg = Debug|Any CPU
		{7590F98E-B917-46B3-A019-3849E0152166}.Debug|x86.Build.0 = Debug|Any CPU
		{7590F98E-B917-46B3-A019-3849E0152166}.Release|Any CPU.ActiveCfg = Release|Any CPU
		{7590F98E-B917-46B3-A019-3849E0152166}.Release|Any CPU.Build.0 = Release|Any CPU
		{7590F98E-B917-46B3-A019-3849E0152166}.Release|x64.ActiveCfg = Release|Any CPU
		{7590F98E-B917-46B3-A019-3849E0152166}.Release|x64.Build.0 = Release|Any CPU
		{7590F98E-B917-46B3-A019-3849E0152166}.Release|x86.ActiveCfg = Release|Any CPU
		{7590F98E-B917-46B3-A019-3849E0152166}.Release|x86.Build.0 = Release|Any CPU
		{5EC8C763-6C0A-4454-80E8-B418CACD4724}.Debug|Any CPU.ActiveCfg = Debug|Any CPU
		{5EC8C763-6C0A-4454-80E8-B418CACD4724}.Debug|Any CPU.Build.0 = Debug|Any CPU
		{5EC8C763-6C0A-4454-80E8-B418CACD4724}.Debug|x64.ActiveCfg = Debug|Any CPU
		{5EC8C763-6C0A-4454-80E8-B418CACD4724}.Debug|x64.Build.0 = Debug|Any CPU
		{5EC8C763-6C0A-4454-80E8-B418CACD4724}.Debug|x86.ActiveCfg = Debug|Any CPU
		{5EC8C763-6C0A-4454-80E8-B418CACD4724}.Debug|x86.Build.0 = Debug|Any CPU
		{5EC8C763-6C0A-4454-80E8-B418CACD4724}.Release|Any CPU.ActiveCfg = Release|Any CPU
		{5EC8C763-6C0A-4454-80E8-B418CACD4724}.Release|Any CPU.Build.0 = Release|Any CPU
		{5EC8C763-6C0A-4454-80E8-B418CACD4724}.Release|x64.ActiveCfg = Release|Any CPU
		{5EC8C763-6C0A-4454-80E8-B418CACD4724}.Release|x64.Build.0 = Release|Any CPU
		{5EC8C763-6C0A-4454-80E8-B418CACD4724}.Release|x86.ActiveCfg = Release|Any CPU
		{5EC8C763-6C0A-4454-80E8-B418CACD4724}.Release|x86.Build.0 = Release|Any CPU
		{8E6431DF-E3BF-42D4-A4B7-31AFBC728A46}.Debug|Any CPU.ActiveCfg = Debug|Any CPU
		{8E6431DF-E3BF-42D4-A4B7-31AFBC728A46}.Debug|Any CPU.Build.0 = Debug|Any CPU
		{8E6431DF-E3BF-42D4-A4B7-31AFBC728A46}.Debug|x64.ActiveCfg = Debug|Any CPU
		{8E6431DF-E3BF-42D4-A4B7-31AFBC728A46}.Debug|x64.Build.0 = Debug|Any CPU
		{8E6431DF-E3BF-42D4-A4B7-31AFBC728A46}.Debug|x86.ActiveCfg = Debug|Any CPU
		{8E6431DF-E3BF-42D4-A4B7-31AFBC728A46}.Debug|x86.Build.0 = Debug|Any CPU
		{8E6431DF-E3BF-42D4-A4B7-31AFBC728A46}.Release|Any CPU.ActiveCfg = Release|Any CPU
		{8E6431DF-E3BF-42D4-A4B7-31AFBC728A46}.Release|Any CPU.Build.0 = Release|Any CPU
		{8E6431DF-E3BF-42D4-A4B7-31AFBC728A46}.Release|x64.ActiveCfg = Release|Any CPU
		{8E6431DF-E3BF-42D4-A4B7-31AFBC728A46}.Release|x64.Build.0 = Release|Any CPU
		{8E6431DF-E3BF-42D4-A4B7-31AFBC728A46}.Release|x86.ActiveCfg = Release|Any CPU
		{8E6431DF-E3BF-42D4-A4B7-31AFBC728A46}.Release|x86.Build.0 = Release|Any CPU
		{02A1D3DD-E72F-4F52-97ED-CD943AFB176C}.Debug|Any CPU.ActiveCfg = Debug|Any CPU
		{02A1D3DD-E72F-4F52-97ED-CD943AFB176C}.Debug|Any CPU.Build.0 = Debug|Any CPU
		{02A1D3DD-E72F-4F52-97ED-CD943AFB176C}.Debug|x64.ActiveCfg = Debug|Any CPU
		{02A1D3DD-E72F-4F52-97ED-CD943AFB176C}.Debug|x64.Build.0 = Debug|Any CPU
		{02A1D3DD-E72F-4F52-97ED-CD943AFB176C}.Debug|x86.ActiveCfg = Debug|Any CPU
		{02A1D3DD-E72F-4F52-97ED-CD943AFB176C}.Debug|x86.Build.0 = Debug|Any CPU
		{02A1D3DD-E72F-4F52-97ED-CD943AFB176C}.Release|Any CPU.ActiveCfg = Release|Any CPU
		{02A1D3DD-E72F-4F52-97ED-CD943AFB176C}.Release|Any CPU.Build.0 = Release|Any CPU
		{02A1D3DD-E72F-4F52-97ED-CD943AFB176C}.Release|x64.ActiveCfg = Release|Any CPU
		{02A1D3DD-E72F-4F52-97ED-CD943AFB176C}.Release|x64.Build.0 = Release|Any CPU
		{02A1D3DD-E72F-4F52-97ED-CD943AFB176C}.Release|x86.ActiveCfg = Release|Any CPU
		{02A1D3DD-E72F-4F52-97ED-CD943AFB176C}.Release|x86.Build.0 = Release|Any CPU
		{29A194D7-64A9-490D-BC79-7375B1E7596B}.Debug|Any CPU.ActiveCfg = Debug|Any CPU
		{29A194D7-64A9-490D-BC79-7375B1E7596B}.Debug|Any CPU.Build.0 = Debug|Any CPU
		{29A194D7-64A9-490D-BC79-7375B1E7596B}.Debug|x64.ActiveCfg = Debug|Any CPU
		{29A194D7-64A9-490D-BC79-7375B1E7596B}.Debug|x64.Build.0 = Debug|Any CPU
		{29A194D7-64A9-490D-BC79-7375B1E7596B}.Debug|x86.ActiveCfg = Debug|Any CPU
		{29A194D7-64A9-490D-BC79-7375B1E7596B}.Debug|x86.Build.0 = Debug|Any CPU
		{29A194D7-64A9-490D-BC79-7375B1E7596B}.Release|Any CPU.ActiveCfg = Release|Any CPU
		{29A194D7-64A9-490D-BC79-7375B1E7596B}.Release|Any CPU.Build.0 = Release|Any CPU
		{29A194D7-64A9-490D-BC79-7375B1E7596B}.Release|x64.ActiveCfg = Release|Any CPU
		{29A194D7-64A9-490D-BC79-7375B1E7596B}.Release|x64.Build.0 = Release|Any CPU
		{29A194D7-64A9-490D-BC79-7375B1E7596B}.Release|x86.ActiveCfg = Release|Any CPU
		{29A194D7-64A9-490D-BC79-7375B1E7596B}.Release|x86.Build.0 = Release|Any CPU
		{BCFF3ECC-E2A6-450E-9711-5788A1FF39DB}.Debug|Any CPU.ActiveCfg = Debug|Any CPU
		{BCFF3ECC-E2A6-450E-9711-5788A1FF39DB}.Debug|Any CPU.Build.0 = Debug|Any CPU
		{BCFF3ECC-E2A6-450E-9711-5788A1FF39DB}.Debug|x64.ActiveCfg = Debug|Any CPU
		{BCFF3ECC-E2A6-450E-9711-5788A1FF39DB}.Debug|x64.Build.0 = Debug|Any CPU
		{BCFF3ECC-E2A6-450E-9711-5788A1FF39DB}.Debug|x86.ActiveCfg = Debug|Any CPU
		{BCFF3ECC-E2A6-450E-9711-5788A1FF39DB}.Debug|x86.Build.0 = Debug|Any CPU
		{BCFF3ECC-E2A6-450E-9711-5788A1FF39DB}.Release|Any CPU.ActiveCfg = Release|Any CPU
		{BCFF3ECC-E2A6-450E-9711-5788A1FF39DB}.Release|Any CPU.Build.0 = Release|Any CPU
		{BCFF3ECC-E2A6-450E-9711-5788A1FF39DB}.Release|x64.ActiveCfg = Release|Any CPU
		{BCFF3ECC-E2A6-450E-9711-5788A1FF39DB}.Release|x64.Build.0 = Release|Any CPU
		{BCFF3ECC-E2A6-450E-9711-5788A1FF39DB}.Release|x86.ActiveCfg = Release|Any CPU
		{BCFF3ECC-E2A6-450E-9711-5788A1FF39DB}.Release|x86.Build.0 = Release|Any CPU
		{9992A338-52EA-4C01-94EB-E7D1C134DF52}.Debug|Any CPU.ActiveCfg = Debug|Any CPU
		{9992A338-52EA-4C01-94EB-E7D1C134DF52}.Debug|Any CPU.Build.0 = Debug|Any CPU
		{9992A338-52EA-4C01-94EB-E7D1C134DF52}.Debug|x64.ActiveCfg = Debug|Any CPU
		{9992A338-52EA-4C01-94EB-E7D1C134DF52}.Debug|x64.Build.0 = Debug|Any CPU
		{9992A338-52EA-4C01-94EB-E7D1C134DF52}.Debug|x86.ActiveCfg = Debug|Any CPU
		{9992A338-52EA-4C01-94EB-E7D1C134DF52}.Debug|x86.Build.0 = Debug|Any CPU
		{9992A338-52EA-4C01-94EB-E7D1C134DF52}.Release|Any CPU.ActiveCfg = Release|Any CPU
		{9992A338-52EA-4C01-94EB-E7D1C134DF52}.Release|Any CPU.Build.0 = Release|Any CPU
		{9992A338-52EA-4C01-94EB-E7D1C134DF52}.Release|x64.ActiveCfg = Release|Any CPU
		{9992A338-52EA-4C01-94EB-E7D1C134DF52}.Release|x64.Build.0 = Release|Any CPU
		{9992A338-52EA-4C01-94EB-E7D1C134DF52}.Release|x86.ActiveCfg = Release|Any CPU
		{9992A338-52EA-4C01-94EB-E7D1C134DF52}.Release|x86.Build.0 = Release|Any CPU
		{2ACE174B-A97A-40E0-9FB5-72BEDB65D5CD}.Debug|Any CPU.ActiveCfg = Debug|Any CPU
		{2ACE174B-A97A-40E0-9FB5-72BEDB65D5CD}.Debug|Any CPU.Build.0 = Debug|Any CPU
		{2ACE174B-A97A-40E0-9FB5-72BEDB65D5CD}.Debug|x64.ActiveCfg = Debug|Any CPU
		{2ACE174B-A97A-40E0-9FB5-72BEDB65D5CD}.Debug|x64.Build.0 = Debug|Any CPU
		{2ACE174B-A97A-40E0-9FB5-72BEDB65D5CD}.Debug|x86.ActiveCfg = Debug|Any CPU
		{2ACE174B-A97A-40E0-9FB5-72BEDB65D5CD}.Debug|x86.Build.0 = Debug|Any CPU
		{2ACE174B-A97A-40E0-9FB5-72BEDB65D5CD}.Release|Any CPU.ActiveCfg = Release|Any CPU
		{2ACE174B-A97A-40E0-9FB5-72BEDB65D5CD}.Release|Any CPU.Build.0 = Release|Any CPU
		{2ACE174B-A97A-40E0-9FB5-72BEDB65D5CD}.Release|x64.ActiveCfg = Release|Any CPU
		{2ACE174B-A97A-40E0-9FB5-72BEDB65D5CD}.Release|x64.Build.0 = Release|Any CPU
		{2ACE174B-A97A-40E0-9FB5-72BEDB65D5CD}.Release|x86.ActiveCfg = Release|Any CPU
		{2ACE174B-A97A-40E0-9FB5-72BEDB65D5CD}.Release|x86.Build.0 = Release|Any CPU
		{72EBB4E2-15DC-4B36-8B9E-C9D5EFDE2E58}.Debug|Any CPU.ActiveCfg = Debug|Any CPU
		{72EBB4E2-15DC-4B36-8B9E-C9D5EFDE2E58}.Debug|Any CPU.Build.0 = Debug|Any CPU
		{72EBB4E2-15DC-4B36-8B9E-C9D5EFDE2E58}.Debug|x64.ActiveCfg = Debug|Any CPU
		{72EBB4E2-15DC-4B36-8B9E-C9D5EFDE2E58}.Debug|x64.Build.0 = Debug|Any CPU
		{72EBB4E2-15DC-4B36-8B9E-C9D5EFDE2E58}.Debug|x86.ActiveCfg = Debug|Any CPU
		{72EBB4E2-15DC-4B36-8B9E-C9D5EFDE2E58}.Debug|x86.Build.0 = Debug|Any CPU
		{72EBB4E2-15DC-4B36-8B9E-C9D5EFDE2E58}.Release|Any CPU.ActiveCfg = Release|Any CPU
		{72EBB4E2-15DC-4B36-8B9E-C9D5EFDE2E58}.Release|Any CPU.Build.0 = Release|Any CPU
		{72EBB4E2-15DC-4B36-8B9E-C9D5EFDE2E58}.Release|x64.ActiveCfg = Release|Any CPU
		{72EBB4E2-15DC-4B36-8B9E-C9D5EFDE2E58}.Release|x64.Build.0 = Release|Any CPU
		{72EBB4E2-15DC-4B36-8B9E-C9D5EFDE2E58}.Release|x86.ActiveCfg = Release|Any CPU
		{72EBB4E2-15DC-4B36-8B9E-C9D5EFDE2E58}.Release|x86.Build.0 = Release|Any CPU
		{128D1308-7F44-44C2-9960-D355A84A5F3D}.Debug|Any CPU.ActiveCfg = Debug|Any CPU
		{128D1308-7F44-44C2-9960-D355A84A5F3D}.Debug|Any CPU.Build.0 = Debug|Any CPU
		{128D1308-7F44-44C2-9960-D355A84A5F3D}.Debug|x64.ActiveCfg = Debug|Any CPU
		{128D1308-7F44-44C2-9960-D355A84A5F3D}.Debug|x64.Build.0 = Debug|Any CPU
		{128D1308-7F44-44C2-9960-D355A84A5F3D}.Debug|x86.ActiveCfg = Debug|Any CPU
		{128D1308-7F44-44C2-9960-D355A84A5F3D}.Debug|x86.Build.0 = Debug|Any CPU
		{128D1308-7F44-44C2-9960-D355A84A5F3D}.Release|Any CPU.ActiveCfg = Release|Any CPU
		{128D1308-7F44-44C2-9960-D355A84A5F3D}.Release|Any CPU.Build.0 = Release|Any CPU
		{128D1308-7F44-44C2-9960-D355A84A5F3D}.Release|x64.ActiveCfg = Release|Any CPU
		{128D1308-7F44-44C2-9960-D355A84A5F3D}.Release|x64.Build.0 = Release|Any CPU
		{128D1308-7F44-44C2-9960-D355A84A5F3D}.Release|x86.ActiveCfg = Release|Any CPU
		{128D1308-7F44-44C2-9960-D355A84A5F3D}.Release|x86.Build.0 = Release|Any CPU
		{840D6F3F-2A0C-4370-9BC6-5892F37677AD}.Debug|Any CPU.ActiveCfg = Debug|Any CPU
		{840D6F3F-2A0C-4370-9BC6-5892F37677AD}.Debug|Any CPU.Build.0 = Debug|Any CPU
		{840D6F3F-2A0C-4370-9BC6-5892F37677AD}.Debug|x64.ActiveCfg = Debug|Any CPU
		{840D6F3F-2A0C-4370-9BC6-5892F37677AD}.Debug|x64.Build.0 = Debug|Any CPU
		{840D6F3F-2A0C-4370-9BC6-5892F37677AD}.Debug|x86.ActiveCfg = Debug|Any CPU
		{840D6F3F-2A0C-4370-9BC6-5892F37677AD}.Debug|x86.Build.0 = Debug|Any CPU
		{840D6F3F-2A0C-4370-9BC6-5892F37677AD}.Release|Any CPU.ActiveCfg = Release|Any CPU
		{840D6F3F-2A0C-4370-9BC6-5892F37677AD}.Release|Any CPU.Build.0 = Release|Any CPU
		{840D6F3F-2A0C-4370-9BC6-5892F37677AD}.Release|x64.ActiveCfg = Release|Any CPU
		{840D6F3F-2A0C-4370-9BC6-5892F37677AD}.Release|x64.Build.0 = Release|Any CPU
		{840D6F3F-2A0C-4370-9BC6-5892F37677AD}.Release|x86.ActiveCfg = Release|Any CPU
		{840D6F3F-2A0C-4370-9BC6-5892F37677AD}.Release|x86.Build.0 = Release|Any CPU
		{860597E3-706D-4C9A-AB7C-61474CB018A0}.Debug|Any CPU.ActiveCfg = Debug|Any CPU
		{860597E3-706D-4C9A-AB7C-61474CB018A0}.Debug|Any CPU.Build.0 = Debug|Any CPU
		{860597E3-706D-4C9A-AB7C-61474CB018A0}.Debug|x64.ActiveCfg = Debug|Any CPU
		{860597E3-706D-4C9A-AB7C-61474CB018A0}.Debug|x64.Build.0 = Debug|Any CPU
		{860597E3-706D-4C9A-AB7C-61474CB018A0}.Debug|x86.ActiveCfg = Debug|Any CPU
		{860597E3-706D-4C9A-AB7C-61474CB018A0}.Debug|x86.Build.0 = Debug|Any CPU
		{860597E3-706D-4C9A-AB7C-61474CB018A0}.Release|Any CPU.ActiveCfg = Release|Any CPU
		{860597E3-706D-4C9A-AB7C-61474CB018A0}.Release|Any CPU.Build.0 = Release|Any CPU
		{860597E3-706D-4C9A-AB7C-61474CB018A0}.Release|x64.ActiveCfg = Release|Any CPU
		{860597E3-706D-4C9A-AB7C-61474CB018A0}.Release|x64.Build.0 = Release|Any CPU
		{860597E3-706D-4C9A-AB7C-61474CB018A0}.Release|x86.ActiveCfg = Release|Any CPU
		{860597E3-706D-4C9A-AB7C-61474CB018A0}.Release|x86.Build.0 = Release|Any CPU
		{09914E69-B7D8-4213-9563-9A6589F86C87}.Debug|Any CPU.ActiveCfg = Debug|Any CPU
		{09914E69-B7D8-4213-9563-9A6589F86C87}.Debug|Any CPU.Build.0 = Debug|Any CPU
		{09914E69-B7D8-4213-9563-9A6589F86C87}.Debug|x64.ActiveCfg = Debug|Any CPU
		{09914E69-B7D8-4213-9563-9A6589F86C87}.Debug|x64.Build.0 = Debug|Any CPU
		{09914E69-B7D8-4213-9563-9A6589F86C87}.Debug|x86.ActiveCfg = Debug|Any CPU
		{09914E69-B7D8-4213-9563-9A6589F86C87}.Debug|x86.Build.0 = Debug|Any CPU
		{09914E69-B7D8-4213-9563-9A6589F86C87}.Release|Any CPU.ActiveCfg = Release|Any CPU
		{09914E69-B7D8-4213-9563-9A6589F86C87}.Release|Any CPU.Build.0 = Release|Any CPU
		{09914E69-B7D8-4213-9563-9A6589F86C87}.Release|x64.ActiveCfg = Release|Any CPU
		{09914E69-B7D8-4213-9563-9A6589F86C87}.Release|x64.Build.0 = Release|Any CPU
		{09914E69-B7D8-4213-9563-9A6589F86C87}.Release|x86.ActiveCfg = Release|Any CPU
		{09914E69-B7D8-4213-9563-9A6589F86C87}.Release|x86.Build.0 = Release|Any CPU
		{CD803C74-8BE0-41E5-99D5-ADD81EFC3863}.Debug|Any CPU.ActiveCfg = Debug|Any CPU
		{CD803C74-8BE0-41E5-99D5-ADD81EFC3863}.Debug|Any CPU.Build.0 = Debug|Any CPU
		{CD803C74-8BE0-41E5-99D5-ADD81EFC3863}.Debug|x64.ActiveCfg = Debug|Any CPU
		{CD803C74-8BE0-41E5-99D5-ADD81EFC3863}.Debug|x64.Build.0 = Debug|Any CPU
		{CD803C74-8BE0-41E5-99D5-ADD81EFC3863}.Debug|x86.ActiveCfg = Debug|Any CPU
		{CD803C74-8BE0-41E5-99D5-ADD81EFC3863}.Debug|x86.Build.0 = Debug|Any CPU
		{CD803C74-8BE0-41E5-99D5-ADD81EFC3863}.Release|Any CPU.ActiveCfg = Release|Any CPU
		{CD803C74-8BE0-41E5-99D5-ADD81EFC3863}.Release|Any CPU.Build.0 = Release|Any CPU
		{CD803C74-8BE0-41E5-99D5-ADD81EFC3863}.Release|x64.ActiveCfg = Release|Any CPU
		{CD803C74-8BE0-41E5-99D5-ADD81EFC3863}.Release|x64.Build.0 = Release|Any CPU
		{CD803C74-8BE0-41E5-99D5-ADD81EFC3863}.Release|x86.ActiveCfg = Release|Any CPU
		{CD803C74-8BE0-41E5-99D5-ADD81EFC3863}.Release|x86.Build.0 = Release|Any CPU
		{AA83DBF8-4195-4AB5-92E3-0BA6C9004B24}.Debug|Any CPU.ActiveCfg = Debug|Any CPU
		{AA83DBF8-4195-4AB5-92E3-0BA6C9004B24}.Debug|Any CPU.Build.0 = Debug|Any CPU
		{AA83DBF8-4195-4AB5-92E3-0BA6C9004B24}.Debug|x64.ActiveCfg = Debug|Any CPU
		{AA83DBF8-4195-4AB5-92E3-0BA6C9004B24}.Debug|x64.Build.0 = Debug|Any CPU
		{AA83DBF8-4195-4AB5-92E3-0BA6C9004B24}.Debug|x86.ActiveCfg = Debug|Any CPU
		{AA83DBF8-4195-4AB5-92E3-0BA6C9004B24}.Debug|x86.Build.0 = Debug|Any CPU
		{AA83DBF8-4195-4AB5-92E3-0BA6C9004B24}.Release|Any CPU.ActiveCfg = Release|Any CPU
		{AA83DBF8-4195-4AB5-92E3-0BA6C9004B24}.Release|Any CPU.Build.0 = Release|Any CPU
		{AA83DBF8-4195-4AB5-92E3-0BA6C9004B24}.Release|x64.ActiveCfg = Release|Any CPU
		{AA83DBF8-4195-4AB5-92E3-0BA6C9004B24}.Release|x64.Build.0 = Release|Any CPU
		{AA83DBF8-4195-4AB5-92E3-0BA6C9004B24}.Release|x86.ActiveCfg = Release|Any CPU
		{AA83DBF8-4195-4AB5-92E3-0BA6C9004B24}.Release|x86.Build.0 = Release|Any CPU
		{DFD8F069-707D-4D75-BE48-964E3819D1AD}.Debug|Any CPU.ActiveCfg = Debug|Any CPU
		{DFD8F069-707D-4D75-BE48-964E3819D1AD}.Debug|Any CPU.Build.0 = Debug|Any CPU
		{DFD8F069-707D-4D75-BE48-964E3819D1AD}.Debug|x64.ActiveCfg = Debug|Any CPU
		{DFD8F069-707D-4D75-BE48-964E3819D1AD}.Debug|x64.Build.0 = Debug|Any CPU
		{DFD8F069-707D-4D75-BE48-964E3819D1AD}.Debug|x86.ActiveCfg = Debug|Any CPU
		{DFD8F069-707D-4D75-BE48-964E3819D1AD}.Debug|x86.Build.0 = Debug|Any CPU
		{DFD8F069-707D-4D75-BE48-964E3819D1AD}.Release|Any CPU.ActiveCfg = Release|Any CPU
		{DFD8F069-707D-4D75-BE48-964E3819D1AD}.Release|Any CPU.Build.0 = Release|Any CPU
		{DFD8F069-707D-4D75-BE48-964E3819D1AD}.Release|x64.ActiveCfg = Release|Any CPU
		{DFD8F069-707D-4D75-BE48-964E3819D1AD}.Release|x64.Build.0 = Release|Any CPU
		{DFD8F069-707D-4D75-BE48-964E3819D1AD}.Release|x86.ActiveCfg = Release|Any CPU
		{DFD8F069-707D-4D75-BE48-964E3819D1AD}.Release|x86.Build.0 = Release|Any CPU
		{5BC1BB79-0CB3-47EC-8BD0-0C6B30864F38}.Debug|Any CPU.ActiveCfg = Debug|Any CPU
		{5BC1BB79-0CB3-47EC-8BD0-0C6B30864F38}.Debug|Any CPU.Build.0 = Debug|Any CPU
		{5BC1BB79-0CB3-47EC-8BD0-0C6B30864F38}.Debug|x64.ActiveCfg = Debug|Any CPU
		{5BC1BB79-0CB3-47EC-8BD0-0C6B30864F38}.Debug|x64.Build.0 = Debug|Any CPU
		{5BC1BB79-0CB3-47EC-8BD0-0C6B30864F38}.Debug|x86.ActiveCfg = Debug|Any CPU
		{5BC1BB79-0CB3-47EC-8BD0-0C6B30864F38}.Debug|x86.Build.0 = Debug|Any CPU
		{5BC1BB79-0CB3-47EC-8BD0-0C6B30864F38}.Release|Any CPU.ActiveCfg = Release|Any CPU
		{5BC1BB79-0CB3-47EC-8BD0-0C6B30864F38}.Release|Any CPU.Build.0 = Release|Any CPU
		{5BC1BB79-0CB3-47EC-8BD0-0C6B30864F38}.Release|x64.ActiveCfg = Release|Any CPU
		{5BC1BB79-0CB3-47EC-8BD0-0C6B30864F38}.Release|x64.Build.0 = Release|Any CPU
		{5BC1BB79-0CB3-47EC-8BD0-0C6B30864F38}.Release|x86.ActiveCfg = Release|Any CPU
		{5BC1BB79-0CB3-47EC-8BD0-0C6B30864F38}.Release|x86.Build.0 = Release|Any CPU
		{150AB269-7FB1-490B-B0F8-2415F52169FF}.Debug|Any CPU.ActiveCfg = Debug|Any CPU
		{150AB269-7FB1-490B-B0F8-2415F52169FF}.Debug|Any CPU.Build.0 = Debug|Any CPU
		{150AB269-7FB1-490B-B0F8-2415F52169FF}.Debug|x64.ActiveCfg = Debug|Any CPU
		{150AB269-7FB1-490B-B0F8-2415F52169FF}.Debug|x64.Build.0 = Debug|Any CPU
		{150AB269-7FB1-490B-B0F8-2415F52169FF}.Debug|x86.ActiveCfg = Debug|Any CPU
		{150AB269-7FB1-490B-B0F8-2415F52169FF}.Debug|x86.Build.0 = Debug|Any CPU
		{150AB269-7FB1-490B-B0F8-2415F52169FF}.Release|Any CPU.ActiveCfg = Release|Any CPU
		{150AB269-7FB1-490B-B0F8-2415F52169FF}.Release|Any CPU.Build.0 = Release|Any CPU
		{150AB269-7FB1-490B-B0F8-2415F52169FF}.Release|x64.ActiveCfg = Release|Any CPU
		{150AB269-7FB1-490B-B0F8-2415F52169FF}.Release|x64.Build.0 = Release|Any CPU
		{150AB269-7FB1-490B-B0F8-2415F52169FF}.Release|x86.ActiveCfg = Release|Any CPU
		{150AB269-7FB1-490B-B0F8-2415F52169FF}.Release|x86.Build.0 = Release|Any CPU
		{CCE04D53-F0A2-4A38-83FB-10E902D6CD68}.Debug|Any CPU.ActiveCfg = Debug|Any CPU
		{CCE04D53-F0A2-4A38-83FB-10E902D6CD68}.Debug|Any CPU.Build.0 = Debug|Any CPU
		{CCE04D53-F0A2-4A38-83FB-10E902D6CD68}.Debug|x64.ActiveCfg = Debug|Any CPU
		{CCE04D53-F0A2-4A38-83FB-10E902D6CD68}.Debug|x64.Build.0 = Debug|Any CPU
		{CCE04D53-F0A2-4A38-83FB-10E902D6CD68}.Debug|x86.ActiveCfg = Debug|Any CPU
		{CCE04D53-F0A2-4A38-83FB-10E902D6CD68}.Debug|x86.Build.0 = Debug|Any CPU
		{CCE04D53-F0A2-4A38-83FB-10E902D6CD68}.Release|Any CPU.ActiveCfg = Release|Any CPU
		{CCE04D53-F0A2-4A38-83FB-10E902D6CD68}.Release|Any CPU.Build.0 = Release|Any CPU
		{CCE04D53-F0A2-4A38-83FB-10E902D6CD68}.Release|x64.ActiveCfg = Release|Any CPU
		{CCE04D53-F0A2-4A38-83FB-10E902D6CD68}.Release|x64.Build.0 = Release|Any CPU
		{CCE04D53-F0A2-4A38-83FB-10E902D6CD68}.Release|x86.ActiveCfg = Release|Any CPU
		{CCE04D53-F0A2-4A38-83FB-10E902D6CD68}.Release|x86.Build.0 = Release|Any CPU
	EndGlobalSection
	GlobalSection(SolutionProperties) = preSolution
		HideSolutionNode = FALSE
	EndGlobalSection
	GlobalSection(NestedProjects) = preSolution
		{8D626EA8-CB54-BC41-363A-217881BEBA6E} = {827E0CD3-B72D-47B6-A68D-7590B98EB39B}
		{7CA94652-FA23-4CF6-9216-8B3731C50CD4} = {8D626EA8-CB54-BC41-363A-217881BEBA6E}
		{981C2CF6-E5BB-602A-511C-234B538302B0} = {827E0CD3-B72D-47B6-A68D-7590B98EB39B}
		{78A1354D-E6DA-4DC0-84A0-C41D0AE9726D} = {981C2CF6-E5BB-602A-511C-234B538302B0}
		{58D3A2C3-F96F-5E57-2C6B-ECE59D6A18FC} = {827E0CD3-B72D-47B6-A68D-7590B98EB39B}
		{CBEBA073-B27A-6203-00FD-F346E4AB84F4} = {58D3A2C3-F96F-5E57-2C6B-ECE59D6A18FC}
		{7590F98E-B917-46B3-A019-3849E0152166} = {CBEBA073-B27A-6203-00FD-F346E4AB84F4}
		{5EC8C763-6C0A-4454-80E8-B418CACD4724} = {CBEBA073-B27A-6203-00FD-F346E4AB84F4}
		{6A35D436-8D8C-BF6F-BB10-AFE1EC4A7E6B} = {58D3A2C3-F96F-5E57-2C6B-ECE59D6A18FC}
		{8E6431DF-E3BF-42D4-A4B7-31AFBC728A46} = {6A35D436-8D8C-BF6F-BB10-AFE1EC4A7E6B}
		{02A1D3DD-E72F-4F52-97ED-CD943AFB176C} = {6A35D436-8D8C-BF6F-BB10-AFE1EC4A7E6B}
		{3758A172-140B-3FB9-1702-5EAF7E9CDBFB} = {58D3A2C3-F96F-5E57-2C6B-ECE59D6A18FC}
		{29A194D7-64A9-490D-BC79-7375B1E7596B} = {3758A172-140B-3FB9-1702-5EAF7E9CDBFB}
		{BCFF3ECC-E2A6-450E-9711-5788A1FF39DB} = {3758A172-140B-3FB9-1702-5EAF7E9CDBFB}
		{F6830CE0-6899-3CEE-8FDE-0A4CB61286B0} = {58D3A2C3-F96F-5E57-2C6B-ECE59D6A18FC}
		{9992A338-52EA-4C01-94EB-E7D1C134DF52} = {F6830CE0-6899-3CEE-8FDE-0A4CB61286B0}
		{2ACE174B-A97A-40E0-9FB5-72BEDB65D5CD} = {F6830CE0-6899-3CEE-8FDE-0A4CB61286B0}
		{D3A2966A-CA8F-9AD0-B97C-EBA8DEC9A624} = {58D3A2C3-F96F-5E57-2C6B-ECE59D6A18FC}
		{72EBB4E2-15DC-4B36-8B9E-C9D5EFDE2E58} = {D3A2966A-CA8F-9AD0-B97C-EBA8DEC9A624}
		{128D1308-7F44-44C2-9960-D355A84A5F3D} = {D3A2966A-CA8F-9AD0-B97C-EBA8DEC9A624}
		{04564706-F138-1D33-6C75-BCA2A4C6B7BB} = {58D3A2C3-F96F-5E57-2C6B-ECE59D6A18FC}
		{840D6F3F-2A0C-4370-9BC6-5892F37677AD} = {04564706-F138-1D33-6C75-BCA2A4C6B7BB}
		{860597E3-706D-4C9A-AB7C-61474CB018A0} = {04564706-F138-1D33-6C75-BCA2A4C6B7BB}
		{F88449A5-D382-9E94-E31C-3DC8D9A2B4BC} = {683DF755-B8EA-2072-BBFD-AE21F93F60D8}
		{09914E69-B7D8-4213-9563-9A6589F86C87} = {F88449A5-D382-9E94-E31C-3DC8D9A2B4BC}
		{CE930C9C-EE18-CAF8-104F-824E8DCAEF4E} = {683DF755-B8EA-2072-BBFD-AE21F93F60D8}
		{781DDE26-2A0D-998E-A07C-BDEE1FBCC658} = {CE930C9C-EE18-CAF8-104F-824E8DCAEF4E}
		{CD803C74-8BE0-41E5-99D5-ADD81EFC3863} = {781DDE26-2A0D-998E-A07C-BDEE1FBCC658}
		{BCAAA55E-E96B-22D8-6289-0AE884FC5F76} = {CE930C9C-EE18-CAF8-104F-824E8DCAEF4E}
		{AA83DBF8-4195-4AB5-92E3-0BA6C9004B24} = {BCAAA55E-E96B-22D8-6289-0AE884FC5F76}
		{FB6ACC50-BD1B-5266-1EED-1CF639F3F7B8} = {CE930C9C-EE18-CAF8-104F-824E8DCAEF4E}
		{DFD8F069-707D-4D75-BE48-964E3819D1AD} = {FB6ACC50-BD1B-5266-1EED-1CF639F3F7B8}
		{FAA918BB-22F3-76F6-686E-8F52AB2B24FF} = {CE930C9C-EE18-CAF8-104F-824E8DCAEF4E}
		{5BC1BB79-0CB3-47EC-8BD0-0C6B30864F38} = {FAA918BB-22F3-76F6-686E-8F52AB2B24FF}
		{A2F7AAFD-CF4F-608D-288E-D262E84F8D64} = {CE930C9C-EE18-CAF8-104F-824E8DCAEF4E}
		{150AB269-7FB1-490B-B0F8-2415F52169FF} = {A2F7AAFD-CF4F-608D-288E-D262E84F8D64}
		{FB076919-C315-715C-72A7-001855980F3B} = {CE930C9C-EE18-CAF8-104F-824E8DCAEF4E}
		{CCE04D53-F0A2-4A38-83FB-10E902D6CD68} = {FB076919-C315-715C-72A7-001855980F3B}
	EndGlobalSection
EndGlobal
